github.com/csguojin/depcalldemob v0.0.0-20241231123752-a68dddf4c470 h1:Xyy4iLxYzpu11eelud6ylKX0Sv0zVVTw+1vrQtYXXtI=
github.com/csguojin/depcalldemob v0.0.0-20241231123752-a68dddf4c470/go.mod h1:tP/tYe0xj74MTIE5cq/soakxM/0vQXCA6WNTMwOKZgg=
github.com/csguojin/depcalldemoc v0.0.0-20241231124621-3c62f3f37a0a h1:MdAKuEggkulVEb2ffiqul+4lRDZfOeVMEzCL3hYkq08=
github.com/csguojin/depcalldemoc v0.0.0-20241231124621-3c62f3f37a0a/go.mod h1:Ikkqpy7Ps8vwBr/F/bi7g/lSb1n+0/QGD1EljY3+7Jg=
github.com/csguojin/depcalldemod v1.3.0 h1:IALqJMAPGR2xyGJDdDHU8oED0Ann7GX2tQVGtDYVJbk=
github.com/csguojin/depcalldemod v1.3.0/go.mod h1:ddH/TEyd2/AuUmU20G/6sMguyrw+GZw5C46nEp7WMe8=
github.com/csguojin/depcalldemoe v0.0.0-20241231122406-dc70b90fb017 h1:vqEjnPXd3VbPkLLckTTW4QnvmjdaagFehFd4KB1p0ug=
github.com/csguojin/depcalldemoe v0.0.0-20241231122406-dc70b90fb017/go.mod h1:Oj4fsWvHgsz2x4msr/eCM/2R0HbdQYiRJg21NLmsCCs=
github.com/csguojin/depcalldemof v0.0.0-20241231121857-6e90a5292aab h1:wC5ss/2KggPglaL+moz8HUNrDrRii6niUta33tFXku4=
github.com/csguojin/depcalldemof v0.0.0-20241231121857-6e90a5292aab/go.mod h1:vqafMV3XmaCRH02Sxlgp5DIxs6fl5/708WcyQ5unSXs=
github.com/csguojin/depcalldemog v0.0.0-20241231122129-c5820e6f7359 h1:wMEgDEwqobkPMHsh6hix376oGAaGFvUE6loe9R6AFQo=
github.com/csguojin/depcalldemog v0.0.0-20241231122129-c5820e6f7359/go.mod h1:05aAFot7ONiLlGwOcFRpeebSFowjecIF+o9ppEJv/xQ=
github.com/csguojin/depcalldemoh v0.0.0-20241231122609-e77fb6e3534a h1:jY02dgorOndkNrkr4cV1TuzZj9iw1xfmFERyw2WccLs=
github.com/csguojin/depcalldemoh v0.0.0-20241231122609-e77fb6e3534a/go.mod h1:p0P0NUqIANaKUUvLFyyO3XO5WFXHxrlwZUfkcdMylko=
